# @generated by Move, please check-in and do not edit manually.

[move]
version = 3
manifest_digest = "2C18D85A7A55B4C1D0C08B6EF3BE474DFC8B539F6CFE7F890869B180E880DA66"
deps_digest = "F8BBB0CCB2491CA29A3DF03D6F92277A4F3574266507ACD77214D37ECA3F3082"
dependencies = [
  { id = "Sui", name = "Sui" },
]

[[move.package]]
id = "MoveStdlib"
source = { git = "https://github.com/MystenLabs/sui.git", rev = "framework/testnet", subdir = "crates/sui-framework/packages/move-stdlib" }

[[move.package]]
id = "Sui"
source = { git = "https://github.com/MystenLabs/sui.git", rev = "framework/testnet", subdir = "crates/sui-framework/packages/sui-framework" }

dependencies = [
  { id = "MoveStdlib", name = "MoveStdlib" },
]

[move.toolchain-version]
compiler-version = "1.47.0"
edition = "2024.beta"
flavor = "sui"

[env]

[env.testnet]
chain-id = "4c78adac"
original-published-id = "0x5dda419f3a10a6d0f8add4008e0445210a35fcdfafb2fff99793a1790d83651a"
latest-published-id = "0x0702c818d5a5ebaf93813fbc5f2333040fd1940d48214e55b0d362ff21cb9aa1"
published-version = "3"
